
Microsoft Visual Studio Solution File, Format Version 12.00
Project("{FAE04EC0-301F-11D3-BF4B-00C04F79EFBC}") = "WhoIsHome.Host", "WhoIsHome.Host\WhoIsHome.Host.csproj", "{954C3CCA-CFF9-46B3-9BDF-4A1277018838}"
EndProject
Project("{FAE04EC0-301F-11D3-BF4B-00C04F79EFBC}") = "WhoIsHome.WebApi", "WhoIsHome.WebApi\WhoIsHome.WebApi.csproj", "{2E2CBACC-D216-4290-A6EA-170533A0AE91}"
EndProject
Project("{FAE04EC0-301F-11D3-BF4B-00C04F79EFBC}") = "WhoIsHome", "WhoIsHome\WhoIsHome.csproj", "{01BCA085-14A7-484C-B8B7-22246747271E}"
EndProject
Project("{FAE04EC0-301F-11D3-BF4B-00C04F79EFBC}") = "WhoIsHome.DataAccess", "WhoIsHome.DataAccess\WhoIsHome.DataAccess.csproj", "{AD91F62D-8784-4AF3-A197-688DC9C75F12}"
EndProject
Global
	GlobalSection(SolutionConfigurationPlatforms) = preSolution
		Debug|Any CPU = Debug|Any CPU
		Release|Any CPU = Release|Any CPU
	EndGlobalSection
	GlobalSection(ProjectConfigurationPlatforms) = postSolution
		{954C3CCA-CFF9-46B3-9BDF-4A1277018838}.Debug|Any CPU.ActiveCfg = Debug|Any CPU
		{954C3CCA-CFF9-46B3-9BDF-4A1277018838}.Debug|Any CPU.Build.0 = Debug|Any CPU
		{954C3CCA-CFF9-46B3-9BDF-4A1277018838}.Release|Any CPU.ActiveCfg = Release|Any CPU
		{954C3CCA-CFF9-46B3-9BDF-4A1277018838}.Release|Any CPU.Build.0 = Release|Any CPU
		{2E2CBACC-D216-4290-A6EA-170533A0AE91}.Debug|Any CPU.ActiveCfg = Debug|Any CPU
		{2E2CBACC-D216-4290-A6EA-170533A0AE91}.Debug|Any CPU.Build.0 = Debug|Any CPU
		{2E2CBACC-D216-4290-A6EA-170533A0AE91}.Release|Any CPU.ActiveCfg = Release|Any CPU
		{2E2CBACC-D216-4290-A6EA-170533A0AE91}.Release|Any CPU.Build.0 = Release|Any CPU
		{01BCA085-14A7-484C-B8B7-22246747271E}.Debug|Any CPU.ActiveCfg = Debug|Any CPU
		{01BCA085-14A7-484C-B8B7-22246747271E}.Debug|Any CPU.Build.0 = Debug|Any CPU
		{01BCA085-14A7-484C-B8B7-22246747271E}.Release|Any CPU.ActiveCfg = Release|Any CPU
		{01BCA085-14A7-484C-B8B7-22246747271E}.Release|Any CPU.Build.0 = Release|Any CPU
		{AD91F62D-8784-4AF3-A197-688DC9C75F12}.Debug|Any CPU.ActiveCfg = Debug|Any CPU
		{AD91F62D-8784-4AF3-A197-688DC9C75F12}.Debug|Any CPU.Build.0 = Debug|Any CPU
		{AD91F62D-8784-4AF3-A197-688DC9C75F12}.Release|Any CPU.ActiveCfg = Release|Any CPU
		{AD91F62D-8784-4AF3-A197-688DC9C75F12}.Release|Any CPU.Build.0 = Release|Any CPU
	EndGlobalSection
EndGlobal
