
Microsoft Visual Studio Solution File, Format Version 12.00
Project("{FAE04EC0-301F-11D3-BF4B-00C04F79EFBC}") = "WhoIsHome.Host", "src\WhoIsHome.Host\WhoIsHome.Host.csproj", "{954C3CCA-CFF9-46B3-9BDF-4A1277018838}"
EndProject
Project("{FAE04EC0-301F-11D3-BF4B-00C04F79EFBC}") = "WhoIsHome.WebApi", "src\WhoIsHome.WebApi\WhoIsHome.WebApi.csproj", "{2E2CBACC-D216-4290-A6EA-170533A0AE91}"
EndProject
Project("{FAE04EC0-301F-11D3-BF4B-00C04F79EFBC}") = "WhoIsHome", "src\WhoIsHome\WhoIsHome.csproj", "{01BCA085-14A7-484C-B8B7-22246747271E}"
EndProject
Project("{FAE04EC0-301F-11D3-BF4B-00C04F79EFBC}") = "WhoIsHome.Shared", "src\WhoIsHome.Shared\WhoIsHome.Shared.csproj", "{8E900FDC-EB4A-4726-92C9-BA57A7EA71BA}"
EndProject
Project("{2150E333-8FDC-42A3-9474-1A3956D46DE8}") = "Tests", "Tests", "{94D6ABE4-A8CC-4247-8531-CF070DCF8A86}"
EndProject
Project("{FAE04EC0-301F-11D3-BF4B-00C04F79EFBC}") = "WhoIsHome.Test", "test\WhoIsHome.Test\WhoIsHome.Test.csproj", "{86A0F5FB-5780-49CB-BC1B-0A00DB7E6BA9}"
EndProject
Project("{2150E333-8FDC-42A3-9474-1A3956D46DE8}") = "Solution Items", "Solution Items", "{F1A62E6F-19DF-4020-B3E0-1CFD92F84265}"
	ProjectSection(SolutionItems) = preProject
		README.md = README.md
		Dockerfile = Dockerfile
		.github\workflows\docker-publish.yml = .github\workflows\docker-publish.yml
	EndProjectSection
EndProject
Global
	GlobalSection(SolutionConfigurationPlatforms) = preSolution
		Debug|Any CPU = Debug|Any CPU
		Release|Any CPU = Release|Any CPU
	EndGlobalSection
	GlobalSection(ProjectConfigurationPlatforms) = postSolution
		{954C3CCA-CFF9-46B3-9BDF-4A1277018838}.Debug|Any CPU.ActiveCfg = Debug|Any CPU
		{954C3CCA-CFF9-46B3-9BDF-4A1277018838}.Debug|Any CPU.Build.0 = Debug|Any CPU
		{954C3CCA-CFF9-46B3-9BDF-4A1277018838}.Release|Any CPU.ActiveCfg = Release|Any CPU
		{954C3CCA-CFF9-46B3-9BDF-4A1277018838}.Release|Any CPU.Build.0 = Release|Any CPU
		{2E2CBACC-D216-4290-A6EA-170533A0AE91}.Debug|Any CPU.ActiveCfg = Debug|Any CPU
		{2E2CBACC-D216-4290-A6EA-170533A0AE91}.Debug|Any CPU.Build.0 = Debug|Any CPU
		{2E2CBACC-D216-4290-A6EA-170533A0AE91}.Release|Any CPU.ActiveCfg = Release|Any CPU
		{2E2CBACC-D216-4290-A6EA-170533A0AE91}.Release|Any CPU.Build.0 = Release|Any CPU
		{01BCA085-14A7-484C-B8B7-22246747271E}.Debug|Any CPU.ActiveCfg = Debug|Any CPU
		{01BCA085-14A7-484C-B8B7-22246747271E}.Debug|Any CPU.Build.0 = Debug|Any CPU
		{01BCA085-14A7-484C-B8B7-22246747271E}.Release|Any CPU.ActiveCfg = Release|Any CPU
		{01BCA085-14A7-484C-B8B7-22246747271E}.Release|Any CPU.Build.0 = Release|Any CPU
		{8E900FDC-EB4A-4726-92C9-BA57A7EA71BA}.Debug|Any CPU.ActiveCfg = Debug|Any CPU
		{8E900FDC-EB4A-4726-92C9-BA57A7EA71BA}.Debug|Any CPU.Build.0 = Debug|Any CPU
		{8E900FDC-EB4A-4726-92C9-BA57A7EA71BA}.Release|Any CPU.ActiveCfg = Release|Any CPU
		{8E900FDC-EB4A-4726-92C9-BA57A7EA71BA}.Release|Any CPU.Build.0 = Release|Any CPU
		{B466EC39-A43E-4E5D-A278-20426D69182F}.Debug|Any CPU.ActiveCfg = Debug|Any CPU
		{B466EC39-A43E-4E5D-A278-20426D69182F}.Debug|Any CPU.Build.0 = Debug|Any CPU
		{B466EC39-A43E-4E5D-A278-20426D69182F}.Release|Any CPU.ActiveCfg = Release|Any CPU
		{B466EC39-A43E-4E5D-A278-20426D69182F}.Release|Any CPU.Build.0 = Release|Any CPU
		{86A0F5FB-5780-49CB-BC1B-0A00DB7E6BA9}.Debug|Any CPU.ActiveCfg = Debug|Any CPU
		{86A0F5FB-5780-49CB-BC1B-0A00DB7E6BA9}.Debug|Any CPU.Build.0 = Debug|Any CPU
		{86A0F5FB-5780-49CB-BC1B-0A00DB7E6BA9}.Release|Any CPU.ActiveCfg = Release|Any CPU
		{86A0F5FB-5780-49CB-BC1B-0A00DB7E6BA9}.Release|Any CPU.Build.0 = Release|Any CPU
	EndGlobalSection
	GlobalSection(NestedProjects) = preSolution
		{86A0F5FB-5780-49CB-BC1B-0A00DB7E6BA9} = {94D6ABE4-A8CC-4247-8531-CF070DCF8A86}
	EndGlobalSection
EndGlobal
